
Microsoft Visual Studio Solution File, Format Version 12.00
# Visual Studio Version 17
VisualStudioVersion = 17.0.32126.317
MinimumVisualStudioVersion = 10.0.40219.1
Project("{9A19103F-16F7-4668-BE54-9A1E7A4F7556}") = "MovieApp", "MovieApp\MovieApp.csproj", "{1F9D8FD7-C22D-4E46-B677-BF564998ECFA}"
	ProjectSection(ProjectDependencies) = postProject
		{A63CE317-5AF9-419B-8767-719E8405971E} = {A63CE317-5AF9-419B-8767-719E8405971E}
	EndProjectSection
EndProject
Project("{9A19103F-16F7-4668-BE54-9A1E7A4F7556}") = "MovieApp.Data", "MovieApp.Data\MovieApp.Data.csproj", "{A63CE317-5AF9-419B-8767-719E8405971E}"
EndProject
Global
	GlobalSection(SolutionConfigurationPlatforms) = preSolution
		Debug|Any CPU = Debug|Any CPU
		Release|Any CPU = Release|Any CPU
	EndGlobalSection
	GlobalSection(ProjectConfigurationPlatforms) = postSolution
		{1F9D8FD7-C22D-4E46-B677-BF564998ECFA}.Debug|Any CPU.ActiveCfg = Debug|Any CPU
		{1F9D8FD7-C22D-4E46-B677-BF564998ECFA}.Debug|Any CPU.Build.0 = Debug|Any CPU
		{1F9D8FD7-C22D-4E46-B677-BF564998ECFA}.Release|Any CPU.ActiveCfg = Release|Any CPU
		{1F9D8FD7-C22D-4E46-B677-BF564998ECFA}.Release|Any CPU.Build.0 = Release|Any CPU
		{A63CE317-5AF9-419B-8767-719E8405971E}.Debug|Any CPU.ActiveCfg = Debug|Any CPU
		{A63CE317-5AF9-419B-8767-719E8405971E}.Debug|Any CPU.Build.0 = Debug|Any CPU
		{A63CE317-5AF9-419B-8767-719E8405971E}.Release|Any CPU.ActiveCfg = Release|Any CPU
		{A63CE317-5AF9-419B-8767-719E8405971E}.Release|Any CPU.Build.0 = Release|Any CPU
	EndGlobalSection
	GlobalSection(SolutionProperties) = preSolution
		HideSolutionNode = FALSE
	EndGlobalSection
	GlobalSection(ExtensibilityGlobals) = postSolution
		SolutionGuid = {6B214460-F622-4C3A-BC59-1E929EF3F731}
	EndGlobalSection
EndGlobal
